
Microsoft Visual Studio Solution File, Format Version 12.00
# Visual Studio 15
VisualStudioVersion = 15.0.28010.2036
MinimumVisualStudioVersion = 10.0.40219.1
Project("{FAE04EC0-301F-11D3-BF4B-00C04F79EFBC}") = "WindowsFormsApp1 - Fah", "WindowsFormsApp1 - Fah\WindowsFormsApp1 - Fah.csproj", "{F6C6B9B0-6ED8-45E8-A786-B6C671ECBAE3}"
EndProject
Global
	GlobalSection(SolutionConfigurationPlatforms) = preSolution
		Debug|Any CPU = Debug|Any CPU
		Release|Any CPU = Release|Any CPU
	EndGlobalSection
	GlobalSection(ProjectConfigurationPlatforms) = postSolution
		{F6C6B9B0-6ED8-45E8-A786-B6C671ECBAE3}.Debug|Any CPU.ActiveCfg = Debug|Any CPU
		{F6C6B9B0-6ED8-45E8-A786-B6C671ECBAE3}.Debug|Any CPU.Build.0 = Debug|Any CPU
		{F6C6B9B0-6ED8-45E8-A786-B6C671ECBAE3}.Release|Any CPU.ActiveCfg = Release|Any CPU
		{F6C6B9B0-6ED8-45E8-A786-B6C671ECBAE3}.Release|Any CPU.Build.0 = Release|Any CPU
	EndGlobalSection
	GlobalSection(SolutionProperties) = preSolution
		HideSolutionNode = FALSE
	EndGlobalSection
	GlobalSection(ExtensibilityGlobals) = postSolution
		SolutionGuid = {D9407825-34BD-4CCA-AB8B-FF5F8DBD2AEB}
	EndGlobalSection
EndGlobal
